// !$*UTF8*$!
{
	archiveVersion = 1;
	classes = {
	};
	objectVersion = 50;
	objects = {

/* Begin PBXBuildFile section */
		8B66204E25BFBC990074309E /* AppDelegate.swift in Sources */ = {isa = PBXBuildFile; fileRef = 8B66204D25BFBC990074309E /* AppDelegate.swift */; };
		8B66205025BFBC990074309E /* SceneDelegate.swift in Sources */ = {isa = PBXBuildFile; fileRef = 8B66204F25BFBC990074309E /* SceneDelegate.swift */; };
		8B66205225BFBC990074309E /* ViewController.swift in Sources */ = {isa = PBXBuildFile; fileRef = 8B66205125BFBC990074309E /* ViewController.swift */; };
		8B66205525BFBC990074309E /* Main.storyboard in Resources */ = {isa = PBXBuildFile; fileRef = 8B66205325BFBC990074309E /* Main.storyboard */; };
		8B66205725BFBC9A0074309E /* Assets.xcassets in Resources */ = {isa = PBXBuildFile; fileRef = 8B66205625BFBC9A0074309E /* Assets.xcassets */; };
		8B66205A25BFBC9A0074309E /* LaunchScreen.storyboard in Resources */ = {isa = PBXBuildFile; fileRef = 8B66205825BFBC9A0074309E /* LaunchScreen.storyboard */; };
		8B66206A25BFBD0F0074309E /* ConversationController.swift in Sources */ = {isa = PBXBuildFile; fileRef = 8B66206925BFBD0F0074309E /* ConversationController.swift */; };
		8B66206E25C000690074309E /* LoginController.swift in Sources */ = {isa = PBXBuildFile; fileRef = 8B66206D25C000690074309E /* LoginController.swift */; };
		8B66207125C000D40074309E /* RegistrationController.swift in Sources */ = {isa = PBXBuildFile; fileRef = 8B66207025C000D40074309E /* RegistrationController.swift */; };
/* End PBXBuildFile section */

/* Begin PBXFileReference section */
		8B66204A25BFBC990074309E /* FirebaseChatMVVM.app */ = {isa = PBXFileReference; explicitFileType = wrapper.application; includeInIndex = 0; path = FirebaseChatMVVM.app; sourceTree = BUILT_PRODUCTS_DIR; };
		8B66204D25BFBC990074309E /* AppDelegate.swift */ = {isa = PBXFileReference; lastKnownFileType = sourcecode.swift; path = AppDelegate.swift; sourceTree = "<group>"; };
		8B66204F25BFBC990074309E /* SceneDelegate.swift */ = {isa = PBXFileReference; lastKnownFileType = sourcecode.swift; path = SceneDelegate.swift; sourceTree = "<group>"; };
		8B66205125BFBC990074309E /* ViewController.swift */ = {isa = PBXFileReference; lastKnownFileType = sourcecode.swift; path = ViewController.swift; sourceTree = "<group>"; };
		8B66205425BFBC990074309E /* Base */ = {isa = PBXFileReference; lastKnownFileType = file.storyboard; name = Base; path = Base.lproj/Main.storyboard; sourceTree = "<group>"; };
		8B66205625BFBC9A0074309E /* Assets.xcassets */ = {isa = PBXFileReference; lastKnownFileType = folder.assetcatalog; path = Assets.xcassets; sourceTree = "<group>"; };
		8B66205925BFBC9A0074309E /* Base */ = {isa = PBXFileReference; lastKnownFileType = file.storyboard; name = Base; path = Base.lproj/LaunchScreen.storyboard; sourceTree = "<group>"; };
		8B66205B25BFBC9A0074309E /* Info.plist */ = {isa = PBXFileReference; lastKnownFileType = text.plist.xml; path = Info.plist; sourceTree = "<group>"; };
		8B66206925BFBD0F0074309E /* ConversationController.swift */ = {isa = PBXFileReference; lastKnownFileType = sourcecode.swift; path = ConversationController.swift; sourceTree = "<group>"; };
		8B66206D25C000690074309E /* LoginController.swift */ = {isa = PBXFileReference; lastKnownFileType = sourcecode.swift; path = LoginController.swift; sourceTree = "<group>"; };
		8B66207025C000D40074309E /* RegistrationController.swift */ = {isa = PBXFileReference; lastKnownFileType = sourcecode.swift; path = RegistrationController.swift; sourceTree = "<group>"; };
/* End PBXFileReference section */

/* Begin PBXFrameworksBuildPhase section */
		8B66204725BFBC990074309E /* Frameworks */ = {
			isa = PBXFrameworksBuildPhase;
			buildActionMask = 2147483647;
			files = (
			);
			runOnlyForDeploymentPostprocessing = 0;
		};
/* End PBXFrameworksBuildPhase section */

/* Begin PBXGroup section */
		8B66204125BFBC990074309E = {
			isa = PBXGroup;
			children = (
				8B66204C25BFBC990074309E /* FirebaseChatMVVM */,
				8B66204B25BFBC990074309E /* Products */,
			);
			sourceTree = "<group>";
		};
		8B66204B25BFBC990074309E /* Products */ = {
			isa = PBXGroup;
			children = (
				8B66204A25BFBC990074309E /* FirebaseChatMVVM.app */,
			);
			name = Products;
			sourceTree = "<group>";
		};
		8B66204C25BFBC990074309E /* FirebaseChatMVVM */ = {
			isa = PBXGroup;
			children = (
				8B66206825BFBCD80074309E /* Ultils */,
				8B66206725BFBCD70074309E /* API */,
				8B66206625BFBCD60074309E /* Model */,
				8B66206525BFBCD40074309E /* Views */,
				8B66206425BFBCD20074309E /* ViewModels */,
				8B66206225BFBCC90074309E /* Controllers */,
				8B66204D25BFBC990074309E /* AppDelegate.swift */,
				8B66204F25BFBC990074309E /* SceneDelegate.swift */,
				8B66205125BFBC990074309E /* ViewController.swift */,
				8B66205325BFBC990074309E /* Main.storyboard */,
				8B66205625BFBC9A0074309E /* Assets.xcassets */,
				8B66205825BFBC9A0074309E /* LaunchScreen.storyboard */,
				8B66205B25BFBC9A0074309E /* Info.plist */,
			);
			path = FirebaseChatMVVM;
			sourceTree = "<group>";
		};
		8B66206225BFBCC90074309E /* Controllers */ = {
			isa = PBXGroup;
			children = (
				8B66206C25C000550074309E /* Authentication */,
				8B66206925BFBD0F0074309E /* ConversationController.swift */,
			);
			path = Controllers;
			sourceTree = "<group>";
		};
		8B66206425BFBCD20074309E /* ViewModels */ = {
			isa = PBXGroup;
			children = (
			);
			path = ViewModels;
			sourceTree = "<group>";
		};
		8B66206525BFBCD40074309E /* Views */ = {
			isa = PBXGroup;
			children = (
			);
			path = Views;
			sourceTree = "<group>";
		};
		8B66206625BFBCD60074309E /* Model */ = {
			isa = PBXGroup;
			children = (
			);
			path = Model;
			sourceTree = "<group>";
		};
		8B66206725BFBCD70074309E /* API */ = {
			isa = PBXGroup;
			children = (
			);
			path = API;
			sourceTree = "<group>";
		};
		8B66206825BFBCD80074309E /* Ultils */ = {
			isa = PBXGroup;
			children = (
			);
			path = Ultils;
			sourceTree = "<group>";
		};
		8B66206C25C000550074309E /* Authentication */ = {
			isa = PBXGroup;
			children = (
				8B66206D25C000690074309E /* LoginController.swift */,
				8B66207025C000D40074309E /* RegistrationController.swift */,
			);
			path = Authentication;
			sourceTree = "<group>";
		};
/* End PBXGroup section */

/* Begin PBXNativeTarget section */
		8B66204925BFBC990074309E /* FirebaseChatMVVM */ = {
			isa = PBXNativeTarget;
			buildConfigurationList = 8B66205E25BFBC9A0074309E /* Build configuration list for PBXNativeTarget "FirebaseChatMVVM" */;
			buildPhases = (
				8B66204625BFBC990074309E /* Sources */,
				8B66204725BFBC990074309E /* Frameworks */,
				8B66204825BFBC990074309E /* Resources */,
			);
			buildRules = (
			);
			dependencies = (
			);
			name = FirebaseChatMVVM;
			productName = FirebaseChatMVVM;
			productReference = 8B66204A25BFBC990074309E /* FirebaseChatMVVM.app */;
			productType = "com.apple.product-type.application";
		};
/* End PBXNativeTarget section */

/* Begin PBXProject section */
		8B66204225BFBC990074309E /* Project object */ = {
			isa = PBXProject;
			attributes = {
				LastSwiftUpdateCheck = 1210;
				LastUpgradeCheck = 1210;
				TargetAttributes = {
					8B66204925BFBC990074309E = {
						CreatedOnToolsVersion = 12.1;
					};
				};
			};
			buildConfigurationList = 8B66204525BFBC990074309E /* Build configuration list for PBXProject "FirebaseChatMVVM" */;
			compatibilityVersion = "Xcode 9.3";
			developmentRegion = en;
			hasScannedForEncodings = 0;
			knownRegions = (
				en,
				Base,
			);
			mainGroup = 8B66204125BFBC990074309E;
			productRefGroup = 8B66204B25BFBC990074309E /* Products */;
			projectDirPath = "";
			projectRoot = "";
			targets = (
				8B66204925BFBC990074309E /* FirebaseChatMVVM */,
			);
		};
/* End PBXProject section */

/* Begin PBXResourcesBuildPhase section */
		8B66204825BFBC990074309E /* Resources */ = {
			isa = PBXResourcesBuildPhase;
			buildActionMask = 2147483647;
			files = (
				8B66205A25BFBC9A0074309E /* LaunchScreen.storyboard in Resources */,
				8B66205725BFBC9A0074309E /* Assets.xcassets in Resources */,
				8B66205525BFBC990074309E /* Main.storyboard in Resources */,
			);
			runOnlyForDeploymentPostprocessing = 0;
		};
/* End PBXResourcesBuildPhase section */

/* Begin PBXSourcesBuildPhase section */
		8B66204625BFBC990074309E /* Sources */ = {
			isa = PBXSourcesBuildPhase;
			buildActionMask = 2147483647;
			files = (
				8B66205225BFBC990074309E /* ViewController.swift in Sources */,
				8B66204E25BFBC990074309E /* AppDelegate.swift in Sources */,
				8B66206A25BFBD0F0074309E /* ConversationController.swift in Sources */,
				8B66205025BFBC990074309E /* SceneDelegate.swift in Sources */,
				8B66207125C000D40074309E /* RegistrationController.swift in Sources */,
				8B66206E25C000690074309E /* LoginController.swift in Sources */,
			);
			runOnlyForDeploymentPostprocessing = 0;
		};
/* End PBXSourcesBuildPhase section */

/* Begin PBXVariantGroup section */
		8B66205325BFBC990074309E /* Main.storyboard */ = {
			isa = PBXVariantGroup;
			children = (
				8B66205425BFBC990074309E /* Base */,
			);
			name = Main.storyboard;
			sourceTree = "<group>";
		};
		8B66205825BFBC9A0074309E /* LaunchScreen.storyboard */ = {
			isa = PBXVariantGroup;
			children = (
				8B66205925BFBC9A0074309E /* Base */,
			);
			name = LaunchScreen.storyboard;
			sourceTree = "<group>";
		};
/* End PBXVariantGroup section */

/* Begin XCBuildConfiguration section */
		8B66205C25BFBC9A0074309E /* Debug */ = {
			isa = XCBuildConfiguration;
			buildSettings = {
				ALWAYS_SEARCH_USER_PATHS = NO;
				CLANG_ANALYZER_NONNULL = YES;
				CLANG_ANALYZER_NUMBER_OBJECT_CONVERSION = YES_AGGRESSIVE;
				CLANG_CXX_LANGUAGE_STANDARD = "gnu++14";
				CLANG_CXX_LIBRARY = "libc++";
				CLANG_ENABLE_MODULES = YES;
				CLANG_ENABLE_OBJC_ARC = YES;
				CLANG_ENABLE_OBJC_WEAK = YES;
				CLANG_WARN_BLOCK_CAPTURE_AUTORELEASING = YES;
				CLANG_WARN_BOOL_CONVERSION = YES;
				CLANG_WARN_COMMA = YES;
				CLANG_WARN_CONSTANT_CONVERSION = YES;
				CLANG_WARN_DEPRECATED_OBJC_IMPLEMENTATIONS = YES;
				CLANG_WARN_DIRECT_OBJC_ISA_USAGE = YES_ERROR;
				CLANG_WARN_DOCUMENTATION_COMMENTS = YES;
				CLANG_WARN_EMPTY_BODY = YES;
				CLANG_WARN_ENUM_CONVERSION = YES;
				CLANG_WARN_INFINITE_RECURSION = YES;
				CLANG_WARN_INT_CONVERSION = YES;
				CLANG_WARN_NON_LITERAL_NULL_CONVERSION = YES;
				CLANG_WARN_OBJC_IMPLICIT_RETAIN_SELF = YES;
				CLANG_WARN_OBJC_LITERAL_CONVERSION = YES;
				CLANG_WARN_OBJC_ROOT_CLASS = YES_ERROR;
				CLANG_WARN_QUOTED_INCLUDE_IN_FRAMEWORK_HEADER = YES;
				CLANG_WARN_RANGE_LOOP_ANALYSIS = YES;
				CLANG_WARN_STRICT_PROTOTYPES = YES;
				CLANG_WARN_SUSPICIOUS_MOVE = YES;
				CLANG_WARN_UNGUARDED_AVAILABILITY = YES_AGGRESSIVE;
				CLANG_WARN_UNREACHABLE_CODE = YES;
				CLANG_WARN__DUPLICATE_METHOD_MATCH = YES;
				COPY_PHASE_STRIP = NO;
				DEBUG_INFORMATION_FORMAT = dwarf;
				ENABLE_STRICT_OBJC_MSGSEND = YES;
				ENABLE_TESTABILITY = YES;
				GCC_C_LANGUAGE_STANDARD = gnu11;
				GCC_DYNAMIC_NO_PIC = NO;
				GCC_NO_COMMON_BLOCKS = YES;
				GCC_OPTIMIZATION_LEVEL = 0;
				GCC_PREPROCESSOR_DEFINITIONS = (
					"DEBUG=1",
					"$(inherited)",
				);
				GCC_WARN_64_TO_32_BIT_CONVERSION = YES;
				GCC_WARN_ABOUT_RETURN_TYPE = YES_ERROR;
				GCC_WARN_UNDECLARED_SELECTOR = YES;
				GCC_WARN_UNINITIALIZED_AUTOS = YES_AGGRESSIVE;
				GCC_WARN_UNUSED_FUNCTION = YES;
				GCC_WARN_UNUSED_VARIABLE = YES;
				IPHONEOS_DEPLOYMENT_TARGET = 14.1;
				MTL_ENABLE_DEBUG_INFO = INCLUDE_SOURCE;
				MTL_FAST_MATH = YES;
				ONLY_ACTIVE_ARCH = YES;
				SDKROOT = iphoneos;
				SWIFT_ACTIVE_COMPILATION_CONDITIONS = DEBUG;
				SWIFT_OPTIMIZATION_LEVEL = "-Onone";
			};
			name = Debug;
		};
		8B66205D25BFBC9A0074309E /* Release */ = {
			isa = XCBuildConfiguration;
			buildSettings = {
				ALWAYS_SEARCH_USER_PATHS = NO;
				CLANG_ANALYZER_NONNULL = YES;
				CLANG_ANALYZER_NUMBER_OBJECT_CONVERSION = YES_AGGRESSIVE;
				CLANG_CXX_LANGUAGE_STANDARD = "gnu++14";
				CLANG_CXX_LIBRARY = "libc++";
				CLANG_ENABLE_MODULES = YES;
				CLANG_ENABLE_OBJC_ARC = YES;
				CLANG_ENABLE_OBJC_WEAK = YES;
				CLANG_WARN_BLOCK_CAPTURE_AUTORELEASING = YES;
				CLANG_WARN_BOOL_CONVERSION = YES;
				CLANG_WARN_COMMA = YES;
				CLANG_WARN_CONSTANT_CONVERSION = YES;
				CLANG_WARN_DEPRECATED_OBJC_IMPLEMENTATIONS = YES;
				CLANG_WARN_DIRECT_OBJC_ISA_USAGE = YES_ERROR;
				CLANG_WARN_DOCUMENTATION_COMMENTS = YES;
				CLANG_WARN_EMPTY_BODY = YES;
				CLANG_WARN_ENUM_CONVERSION = YES;
				CLANG_WARN_INFINITE_RECURSION = YES;
				CLANG_WARN_INT_CONVERSION = YES;
				CLANG_WARN_NON_LITERAL_NULL_CONVERSION = YES;
				CLANG_WARN_OBJC_IMPLICIT_RETAIN_SELF = YES;
				CLANG_WARN_OBJC_LITERAL_CONVERSION = YES;
				CLANG_WARN_OBJC_ROOT_CLASS = YES_ERROR;
				CLANG_WARN_QUOTED_INCLUDE_IN_FRAMEWORK_HEADER = YES;
				CLANG_WARN_RANGE_LOOP_ANALYSIS = YES;
				CLANG_WARN_STRICT_PROTOTYPES = YES;
				CLANG_WARN_SUSPICIOUS_MOVE = YES;
				CLANG_WARN_UNGUARDED_AVAILABILITY = YES_AGGRESSIVE;
				CLANG_WARN_UNREACHABLE_CODE = YES;
				CLANG_WARN__DUPLICATE_METHOD_MATCH = YES;
				COPY_PHASE_STRIP = NO;
				DEBUG_INFORMATION_FORMAT = "dwarf-with-dsym";
				ENABLE_NS_ASSERTIONS = NO;
				ENABLE_STRICT_OBJC_MSGSEND = YES;
				GCC_C_LANGUAGE_STANDARD = gnu11;
				GCC_NO_COMMON_BLOCKS = YES;
				GCC_WARN_64_TO_32_BIT_CONVERSION = YES;
				GCC_WARN_ABOUT_RETURN_TYPE = YES_ERROR;
				GCC_WARN_UNDECLARED_SELECTOR = YES;
				GCC_WARN_UNINITIALIZED_AUTOS = YES_AGGRESSIVE;
				GCC_WARN_UNUSED_FUNCTION = YES;
				GCC_WARN_UNUSED_VARIABLE = YES;
				IPHONEOS_DEPLOYMENT_TARGET = 14.1;
				MTL_ENABLE_DEBUG_INFO = NO;
				MTL_FAST_MATH = YES;
				SDKROOT = iphoneos;
				SWIFT_COMPILATION_MODE = wholemodule;
				SWIFT_OPTIMIZATION_LEVEL = "-O";
				VALIDATE_PRODUCT = YES;
			};
			name = Release;
		};
		8B66205F25BFBC9A0074309E /* Debug */ = {
			isa = XCBuildConfiguration;
			buildSettings = {
				ASSETCATALOG_COMPILER_APPICON_NAME = AppIcon;
				ASSETCATALOG_COMPILER_GLOBAL_ACCENT_COLOR_NAME = AccentColor;
				CODE_SIGN_STYLE = Automatic;
				DEVELOPMENT_TEAM = T6YN2J92S5;
				INFOPLIST_FILE = FirebaseChatMVVM/Info.plist;
				LD_RUNPATH_SEARCH_PATHS = (
					"$(inherited)",
					"@executable_path/Frameworks",
				);
				PRODUCT_BUNDLE_IDENTIFIER = com.khanhnguyen.FirebaseChatMVVM;
				PRODUCT_NAME = "$(TARGET_NAME)";
				SWIFT_VERSION = 5.0;
				TARGETED_DEVICE_FAMILY = "1,2";
			};
			name = Debug;
		};
		8B66206025BFBC9A0074309E /* Release */ = {
			isa = XCBuildConfiguration;
			buildSettings = {
				ASSETCATALOG_COMPILER_APPICON_NAME = AppIcon;
				ASSETCATALOG_COMPILER_GLOBAL_ACCENT_COLOR_NAME = AccentColor;
				CODE_SIGN_STYLE = Automatic;
				DEVELOPMENT_TEAM = T6YN2J92S5;
				INFOPLIST_FILE = FirebaseChatMVVM/Info.plist;
				LD_RUNPATH_SEARCH_PATHS = (
					"$(inherited)",
					"@executable_path/Frameworks",
				);
				PRODUCT_BUNDLE_IDENTIFIER = com.khanhnguyen.FirebaseChatMVVM;
				PRODUCT_NAME = "$(TARGET_NAME)";
				SWIFT_VERSION = 5.0;
				TARGETED_DEVICE_FAMILY = "1,2";
			};
			name = Release;
		};
/* End XCBuildConfiguration section */

/* Begin XCConfigurationList section */
		8B66204525BFBC990074309E /* Build configuration list for PBXProject "FirebaseChatMVVM" */ = {
			isa = XCConfigurationList;
			buildConfigurations = (
				8B66205C25BFBC9A0074309E /* Debug */,
				8B66205D25BFBC9A0074309E /* Release */,
			);
			defaultConfigurationIsVisible = 0;
			defaultConfigurationName = Release;
		};
		8B66205E25BFBC9A0074309E /* Build configuration list for PBXNativeTarget "FirebaseChatMVVM" */ = {
			isa = XCConfigurationList;
			buildConfigurations = (
				8B66205F25BFBC9A0074309E /* Debug */,
				8B66206025BFBC9A0074309E /* Release */,
			);
			defaultConfigurationIsVisible = 0;
			defaultConfigurationName = Release;
		};
/* End XCConfigurationList section */
	};
	rootObject = 8B66204225BFBC990074309E /* Project object */;
}
